// !$*UTF8*$!
{
	archiveVersion = 1;
	classes = {
	};
	objectVersion = 55;
	objects = {

/* Begin PBXBuildFile section */
		92269F2B28B0FA4000042549 /* AppDelegate.swift in Sources */ = {isa = PBXBuildFile; fileRef = 92269F2A28B0FA4000042549 /* AppDelegate.swift */; };
		92269F2D28B0FA4000042549 /* SceneDelegate.swift in Sources */ = {isa = PBXBuildFile; fileRef = 92269F2C28B0FA4000042549 /* SceneDelegate.swift */; };
		92269F2F28B0FA4000042549 /* ViewController.swift in Sources */ = {isa = PBXBuildFile; fileRef = 92269F2E28B0FA4000042549 /* ViewController.swift */; };
		92269F3228B0FA4000042549 /* Main.storyboard in Resources */ = {isa = PBXBuildFile; fileRef = 92269F3028B0FA4000042549 /* Main.storyboard */; };
		92269F3428B0FA4500042549 /* Assets.xcassets in Resources */ = {isa = PBXBuildFile; fileRef = 92269F3328B0FA4500042549 /* Assets.xcassets */; };
		92269F3728B0FA4600042549 /* LaunchScreen.storyboard in Resources */ = {isa = PBXBuildFile; fileRef = 92269F3528B0FA4600042549 /* LaunchScreen.storyboard */; };
		92269F4528B10A9300042549 /* SnapKit in Frameworks */ = {isa = PBXBuildFile; productRef = 92269F4428B10A9300042549 /* SnapKit */; };
/* End PBXBuildFile section */

/* Begin PBXFileReference section */
		92269F2728B0FA4000042549 /* iOS7-HW12-Kholodkov Denis.app */ = {isa = PBXFileReference; explicitFileType = wrapper.application; includeInIndex = 0; path = "iOS7-HW12-Kholodkov Denis.app"; sourceTree = BUILT_PRODUCTS_DIR; };
		92269F2A28B0FA4000042549 /* AppDelegate.swift */ = {isa = PBXFileReference; lastKnownFileType = sourcecode.swift; path = AppDelegate.swift; sourceTree = "<group>"; };
		92269F2C28B0FA4000042549 /* SceneDelegate.swift */ = {isa = PBXFileReference; lastKnownFileType = sourcecode.swift; path = SceneDelegate.swift; sourceTree = "<group>"; };
		92269F2E28B0FA4000042549 /* ViewController.swift */ = {isa = PBXFileReference; lastKnownFileType = sourcecode.swift; path = ViewController.swift; sourceTree = "<group>"; };
		92269F3128B0FA4000042549 /* Base */ = {isa = PBXFileReference; lastKnownFileType = file.storyboard; name = Base; path = Base.lproj/Main.storyboard; sourceTree = "<group>"; };
		92269F3328B0FA4500042549 /* Assets.xcassets */ = {isa = PBXFileReference; lastKnownFileType = folder.assetcatalog; path = Assets.xcassets; sourceTree = "<group>"; };
		92269F3628B0FA4600042549 /* Base */ = {isa = PBXFileReference; lastKnownFileType = file.storyboard; name = Base; path = Base.lproj/LaunchScreen.storyboard; sourceTree = "<group>"; };
		92269F3828B0FA4600042549 /* Info.plist */ = {isa = PBXFileReference; lastKnownFileType = text.plist.xml; path = Info.plist; sourceTree = "<group>"; };
/* End PBXFileReference section */

/* Begin PBXFrameworksBuildPhase section */
		92269F2428B0FA4000042549 /* Frameworks */ = {
			isa = PBXFrameworksBuildPhase;
			buildActionMask = 2147483647;
			files = (
				92269F4528B10A9300042549 /* SnapKit in Frameworks */,
			);
			runOnlyForDeploymentPostprocessing = 0;
		};
/* End PBXFrameworksBuildPhase section */

/* Begin PBXGroup section */
		92269F1E28B0FA4000042549 = {
			isa = PBXGroup;
			children = (
				92269F2928B0FA4000042549 /* iOS7-HW12-Kholodkov Denis */,
				92269F2828B0FA4000042549 /* Products */,
			);
			sourceTree = "<group>";
		};
		92269F2828B0FA4000042549 /* Products */ = {
			isa = PBXGroup;
			children = (
				92269F2728B0FA4000042549 /* iOS7-HW12-Kholodkov Denis.app */,
			);
			name = Products;
			sourceTree = "<group>";
		};
		92269F2928B0FA4000042549 /* iOS7-HW12-Kholodkov Denis */ = {
			isa = PBXGroup;
			children = (
				92269F2A28B0FA4000042549 /* AppDelegate.swift */,
				92269F2C28B0FA4000042549 /* SceneDelegate.swift */,
				92269F2E28B0FA4000042549 /* ViewController.swift */,
				92269F3028B0FA4000042549 /* Main.storyboard */,
				92269F3328B0FA4500042549 /* Assets.xcassets */,
				92269F3528B0FA4600042549 /* LaunchScreen.storyboard */,
				92269F3828B0FA4600042549 /* Info.plist */,
			);
			path = "iOS7-HW12-Kholodkov Denis";
			sourceTree = "<group>";
		};
/* End PBXGroup section */

/* Begin PBXNativeTarget section */
		92269F2628B0FA4000042549 /* iOS7-HW12-Kholodkov Denis */ = {
			isa = PBXNativeTarget;
			buildConfigurationList = 92269F3B28B0FA4600042549 /* Build configuration list for PBXNativeTarget "iOS7-HW12-Kholodkov Denis" */;
			buildPhases = (
				92269F2328B0FA4000042549 /* Sources */,
				92269F2428B0FA4000042549 /* Frameworks */,
				92269F2528B0FA4000042549 /* Resources */,
			);
			buildRules = (
			);
			dependencies = (
			);
			name = "iOS7-HW12-Kholodkov Denis";
			packageProductDependencies = (
				92269F4428B10A9300042549 /* SnapKit */,
			);
			productName = "iOS7-HW12-Kholodkov Denis";
			productReference = 92269F2728B0FA4000042549 /* iOS7-HW12-Kholodkov Denis.app */;
			productType = "com.apple.product-type.application";
		};
/* End PBXNativeTarget section */

/* Begin PBXProject section */
		92269F1F28B0FA4000042549 /* Project object */ = {
			isa = PBXProject;
			attributes = {
				BuildIndependentTargetsInParallel = 1;
				LastSwiftUpdateCheck = 1320;
				LastUpgradeCheck = 1320;
				TargetAttributes = {
					92269F2628B0FA4000042549 = {
						CreatedOnToolsVersion = 13.2.1;
					};
				};
			};
			buildConfigurationList = 92269F2228B0FA4000042549 /* Build configuration list for PBXProject "iOS7-HW12-Kholodkov Denis" */;
			compatibilityVersion = "Xcode 13.0";
			developmentRegion = en;
			hasScannedForEncodings = 0;
			knownRegions = (
				en,
				Base,
			);
			mainGroup = 92269F1E28B0FA4000042549;
			packageReferences = (
				92269F4328B10A9300042549 /* XCRemoteSwiftPackageReference "SnapKit" */,
			);
			productRefGroup = 92269F2828B0FA4000042549 /* Products */;
			projectDirPath = "";
			projectRoot = "";
			targets = (
				92269F2628B0FA4000042549 /* iOS7-HW12-Kholodkov Denis */,
			);
		};
/* End PBXProject section */

/* Begin PBXResourcesBuildPhase section */
		92269F2528B0FA4000042549 /* Resources */ = {
			isa = PBXResourcesBuildPhase;
			buildActionMask = 2147483647;
			files = (
				92269F3728B0FA4600042549 /* LaunchScreen.storyboard in Resources */,
				92269F3428B0FA4500042549 /* Assets.xcassets in Resources */,
				92269F3228B0FA4000042549 /* Main.storyboard in Resources */,
			);
			runOnlyForDeploymentPostprocessing = 0;
		};
/* End PBXResourcesBuildPhase section */

/* Begin PBXSourcesBuildPhase section */
		92269F2328B0FA4000042549 /* Sources */ = {
			isa = PBXSourcesBuildPhase;
			buildActionMask = 2147483647;
			files = (
				92269F2F28B0FA4000042549 /* ViewController.swift in Sources */,
				92269F2B28B0FA4000042549 /* AppDelegate.swift in Sources */,
				92269F2D28B0FA4000042549 /* SceneDelegate.swift in Sources */,
			);
			runOnlyForDeploymentPostprocessing = 0;
		};
/* End PBXSourcesBuildPhase section */

/* Begin PBXVariantGroup section */
		92269F3028B0FA4000042549 /* Main.storyboard */ = {
			isa = PBXVariantGroup;
			children = (
				92269F3128B0FA4000042549 /* Base */,
			);
			name = Main.storyboard;
			sourceTree = "<group>";
		};
		92269F3528B0FA4600042549 /* LaunchScreen.storyboard */ = {
			isa = PBXVariantGroup;
			children = (
				92269F3628B0FA4600042549 /* Base */,
			);
			name = LaunchScreen.storyboard;
			sourceTree = "<group>";
		};
/* End PBXVariantGroup section */

/* Begin XCBuildConfiguration section */
		92269F3928B0FA4600042549 /* Debug */ = {
			isa = XCBuildConfiguration;
			buildSettings = {
				ALWAYS_SEARCH_USER_PATHS = NO;
				CLANG_ANALYZER_NONNULL = YES;
				CLANG_ANALYZER_NUMBER_OBJECT_CONVERSION = YES_AGGRESSIVE;
				CLANG_CXX_LANGUAGE_STANDARD = "gnu++17";
				CLANG_CXX_LIBRARY = "libc++";
				CLANG_ENABLE_MODULES = YES;
				CLANG_ENABLE_OBJC_ARC = YES;
				CLANG_ENABLE_OBJC_WEAK = YES;
				CLANG_WARN_BLOCK_CAPTURE_AUTORELEASING = YES;
				CLANG_WARN_BOOL_CONVERSION = YES;
				CLANG_WARN_COMMA = YES;
				CLANG_WARN_CONSTANT_CONVERSION = YES;
				CLANG_WARN_DEPRECATED_OBJC_IMPLEMENTATIONS = YES;
				CLANG_WARN_DIRECT_OBJC_ISA_USAGE = YES_ERROR;
				CLANG_WARN_DOCUMENTATION_COMMENTS = YES;
				CLANG_WARN_EMPTY_BODY = YES;
				CLANG_WARN_ENUM_CONVERSION = YES;
				CLANG_WARN_INFINITE_RECURSION = YES;
				CLANG_WARN_INT_CONVERSION = YES;
				CLANG_WARN_NON_LITERAL_NULL_CONVERSION = YES;
				CLANG_WARN_OBJC_IMPLICIT_RETAIN_SELF = YES;
				CLANG_WARN_OBJC_LITERAL_CONVERSION = YES;
				CLANG_WARN_OBJC_ROOT_CLASS = YES_ERROR;
				CLANG_WARN_QUOTED_INCLUDE_IN_FRAMEWORK_HEADER = YES;
				CLANG_WARN_RANGE_LOOP_ANALYSIS = YES;
				CLANG_WARN_STRICT_PROTOTYPES = YES;
				CLANG_WARN_SUSPICIOUS_MOVE = YES;
				CLANG_WARN_UNGUARDED_AVAILABILITY = YES_AGGRESSIVE;
				CLANG_WARN_UNREACHABLE_CODE = YES;
				CLANG_WARN__DUPLICATE_METHOD_MATCH = YES;
				COPY_PHASE_STRIP = NO;
				DEBUG_INFORMATION_FORMAT = dwarf;
				ENABLE_STRICT_OBJC_MSGSEND = YES;
				ENABLE_TESTABILITY = YES;
				GCC_C_LANGUAGE_STANDARD = gnu11;
				GCC_DYNAMIC_NO_PIC = NO;
				GCC_NO_COMMON_BLOCKS = YES;
				GCC_OPTIMIZATION_LEVEL = 0;
				GCC_PREPROCESSOR_DEFINITIONS = (
					"DEBUG=1",
					"$(inherited)",
				);
				GCC_WARN_64_TO_32_BIT_CONVERSION = YES;
				GCC_WARN_ABOUT_RETURN_TYPE = YES_ERROR;
				GCC_WARN_UNDECLARED_SELECTOR = YES;
				GCC_WARN_UNINITIALIZED_AUTOS = YES_AGGRESSIVE;
				GCC_WARN_UNUSED_FUNCTION = YES;
				GCC_WARN_UNUSED_VARIABLE = YES;
				IPHONEOS_DEPLOYMENT_TARGET = 15.2;
				MTL_ENABLE_DEBUG_INFO = INCLUDE_SOURCE;
				MTL_FAST_MATH = YES;
				ONLY_ACTIVE_ARCH = YES;
				SDKROOT = iphoneos;
				SWIFT_ACTIVE_COMPILATION_CONDITIONS = DEBUG;
				SWIFT_OPTIMIZATION_LEVEL = "-Onone";
			};
			name = Debug;
		};
		92269F3A28B0FA4600042549 /* Release */ = {
			isa = XCBuildConfiguration;
			buildSettings = {
				ALWAYS_SEARCH_USER_PATHS = NO;
				CLANG_ANALYZER_NONNULL = YES;
				CLANG_ANALYZER_NUMBER_OBJECT_CONVERSION = YES_AGGRESSIVE;
				CLANG_CXX_LANGUAGE_STANDARD = "gnu++17";
				CLANG_CXX_LIBRARY = "libc++";
				CLANG_ENABLE_MODULES = YES;
				CLANG_ENABLE_OBJC_ARC = YES;
				CLANG_ENABLE_OBJC_WEAK = YES;
				CLANG_WARN_BLOCK_CAPTURE_AUTORELEASING = YES;
				CLANG_WARN_BOOL_CONVERSION = YES;
				CLANG_WARN_COMMA = YES;
				CLANG_WARN_CONSTANT_CONVERSION = YES;
				CLANG_WARN_DEPRECATED_OBJC_IMPLEMENTATIONS = YES;
				CLANG_WARN_DIRECT_OBJC_ISA_USAGE = YES_ERROR;
				CLANG_WARN_DOCUMENTATION_COMMENTS = YES;
				CLANG_WARN_EMPTY_BODY = YES;
				CLANG_WARN_ENUM_CONVERSION = YES;
				CLANG_WARN_INFINITE_RECURSION = YES;
				CLANG_WARN_INT_CONVERSION = YES;
				CLANG_WARN_NON_LITERAL_NULL_CONVERSION = YES;
				CLANG_WARN_OBJC_IMPLICIT_RETAIN_SELF = YES;
				CLANG_WARN_OBJC_LITERAL_CONVERSION = YES;
				CLANG_WARN_OBJC_ROOT_CLASS = YES_ERROR;
				CLANG_WARN_QUOTED_INCLUDE_IN_FRAMEWORK_HEADER = YES;
				CLANG_WARN_RANGE_LOOP_ANALYSIS = YES;
				CLANG_WARN_STRICT_PROTOTYPES = YES;
				CLANG_WARN_SUSPICIOUS_MOVE = YES;
				CLANG_WARN_UNGUARDED_AVAILABILITY = YES_AGGRESSIVE;
				CLANG_WARN_UNREACHABLE_CODE = YES;
				CLANG_WARN__DUPLICATE_METHOD_MATCH = YES;
				COPY_PHASE_STRIP = NO;
				DEBUG_INFORMATION_FORMAT = "dwarf-with-dsym";
				ENABLE_NS_ASSERTIONS = NO;
				ENABLE_STRICT_OBJC_MSGSEND = YES;
				GCC_C_LANGUAGE_STANDARD = gnu11;
				GCC_NO_COMMON_BLOCKS = YES;
				GCC_WARN_64_TO_32_BIT_CONVERSION = YES;
				GCC_WARN_ABOUT_RETURN_TYPE = YES_ERROR;
				GCC_WARN_UNDECLARED_SELECTOR = YES;
				GCC_WARN_UNINITIALIZED_AUTOS = YES_AGGRESSIVE;
				GCC_WARN_UNUSED_FUNCTION = YES;
				GCC_WARN_UNUSED_VARIABLE = YES;
				IPHONEOS_DEPLOYMENT_TARGET = 15.2;
				MTL_ENABLE_DEBUG_INFO = NO;
				MTL_FAST_MATH = YES;
				SDKROOT = iphoneos;
				SWIFT_COMPILATION_MODE = wholemodule;
				SWIFT_OPTIMIZATION_LEVEL = "-O";
				VALIDATE_PRODUCT = YES;
			};
			name = Release;
		};
		92269F3C28B0FA4600042549 /* Debug */ = {
			isa = XCBuildConfiguration;
			buildSettings = {
				ASSETCATALOG_COMPILER_APPICON_NAME = AppIcon;
				ASSETCATALOG_COMPILER_GLOBAL_ACCENT_COLOR_NAME = AccentColor;
				CODE_SIGN_STYLE = Automatic;
				CURRENT_PROJECT_VERSION = 1;
				DEVELOPMENT_TEAM = 3L65F6AAP4;
				GENERATE_INFOPLIST_FILE = YES;
				INFOPLIST_FILE = "iOS7-HW12-Kholodkov Denis/Info.plist";
				INFOPLIST_KEY_UIApplicationSupportsIndirectInputEvents = YES;
				INFOPLIST_KEY_UILaunchStoryboardName = LaunchScreen;
				INFOPLIST_KEY_UIMainStoryboardFile = Main;
				INFOPLIST_KEY_UISupportedInterfaceOrientations = UIInterfaceOrientationPortrait;
				INFOPLIST_KEY_UISupportedInterfaceOrientations_iPad = "UIInterfaceOrientationPortrait UIInterfaceOrientationPortraitUpsideDown UIInterfaceOrientationLandscapeLeft UIInterfaceOrientationLandscapeRight";
				INFOPLIST_KEY_UISupportedInterfaceOrientations_iPhone = "UIInterfaceOrientationPortrait UIInterfaceOrientationLandscapeLeft UIInterfaceOrientationLandscapeRight";
				LD_RUNPATH_SEARCH_PATHS = (
					"$(inherited)",
					"@executable_path/Frameworks",
				);
				MARKETING_VERSION = 1.0;
				PRODUCT_BUNDLE_IDENTIFIER = "com.denis.iOS7-HW12-Kholodkov-Denis";
				PRODUCT_NAME = "$(TARGET_NAME)";
				SWIFT_EMIT_LOC_STRINGS = YES;
				SWIFT_VERSION = 5.0;
				TARGETED_DEVICE_FAMILY = 1;
			};
			name = Debug;
		};
		92269F3D28B0FA4600042549 /* Release */ = {
			isa = XCBuildConfiguration;
			buildSettings = {
				ASSETCATALOG_COMPILER_APPICON_NAME = AppIcon;
				ASSETCATALOG_COMPILER_GLOBAL_ACCENT_COLOR_NAME = AccentColor;
				CODE_SIGN_STYLE = Automatic;
				CURRENT_PROJECT_VERSION = 1;
				DEVELOPMENT_TEAM = 3L65F6AAP4;
				GENERATE_INFOPLIST_FILE = YES;
				INFOPLIST_FILE = "iOS7-HW12-Kholodkov Denis/Info.plist";
				INFOPLIST_KEY_UIApplicationSupportsIndirectInputEvents = YES;
				INFOPLIST_KEY_UILaunchStoryboardName = LaunchScreen;
				INFOPLIST_KEY_UIMainStoryboardFile = Main;
				INFOPLIST_KEY_UISupportedInterfaceOrientations = UIInterfaceOrientationPortrait;
				INFOPLIST_KEY_UISupportedInterfaceOrientations_iPad = "UIInterfaceOrientationPortrait UIInterfaceOrientationPortraitUpsideDown UIInterfaceOrientationLandscapeLeft UIInterfaceOrientationLandscapeRight";
				INFOPLIST_KEY_UISupportedInterfaceOrientations_iPhone = "UIInterfaceOrientationPortrait UIInterfaceOrientationLandscapeLeft UIInterfaceOrientationLandscapeRight";
				LD_RUNPATH_SEARCH_PATHS = (
					"$(inherited)",
					"@executable_path/Frameworks",
				);
				MARKETING_VERSION = 1.0;
				PRODUCT_BUNDLE_IDENTIFIER = "com.denis.iOS7-HW12-Kholodkov-Denis";
				PRODUCT_NAME = "$(TARGET_NAME)";
				SWIFT_EMIT_LOC_STRINGS = YES;
				SWIFT_VERSION = 5.0;
				TARGETED_DEVICE_FAMILY = 1;
			};
			name = Release;
		};
/* End XCBuildConfiguration section */

/* Begin XCConfigurationList section */
		92269F2228B0FA4000042549 /* Build configuration list for PBXProject "iOS7-HW12-Kholodkov Denis" */ = {
			isa = XCConfigurationList;
			buildConfigurations = (
				92269F3928B0FA4600042549 /* Debug */,
				92269F3A28B0FA4600042549 /* Release */,
			);
			defaultConfigurationIsVisible = 0;
			defaultConfigurationName = Release;
		};
		92269F3B28B0FA4600042549 /* Build configuration list for PBXNativeTarget "iOS7-HW12-Kholodkov Denis" */ = {
			isa = XCConfigurationList;
			buildConfigurations = (
				92269F3C28B0FA4600042549 /* Debug */,
				92269F3D28B0FA4600042549 /* Release */,
			);
			defaultConfigurationIsVisible = 0;
			defaultConfigurationName = Release;
		};
/* End XCConfigurationList section */

/* Begin XCRemoteSwiftPackageReference section */
		92269F4328B10A9300042549 /* XCRemoteSwiftPackageReference "SnapKit" */ = {
			isa = XCRemoteSwiftPackageReference;
			repositoryURL = "https://github.com/SnapKit/SnapKit";
			requirement = {
				kind = upToNextMajorVersion;
				minimumVersion = 5.0.0;
			};
		};
/* End XCRemoteSwiftPackageReference section */

/* Begin XCSwiftPackageProductDependency section */
		92269F4428B10A9300042549 /* SnapKit */ = {
			isa = XCSwiftPackageProductDependency;
			package = 92269F4328B10A9300042549 /* XCRemoteSwiftPackageReference "SnapKit" */;
			productName = SnapKit;
		};
/* End XCSwiftPackageProductDependency section */
	};
	rootObject = 92269F1F28B0FA4000042549 /* Project object */;
}
